// !$*UTF8*$!
{
	archiveVersion = 1;
	classes = {
	};
	objectVersion = 46;
	objects = {

/* Begin PBXBuildFile section */
		7D48FDB71297017C00799BF4 /* EDFAnnotation.h in Headers */ = {isa = PBXBuildFile; fileRef = 7D48F0221296FD6C00799BF4 /* EDFAnnotation.h */; };
		7D48FDB81297017C00799BF4 /* EDFDate.h in Headers */ = {isa = PBXBuildFile; fileRef = 7D48F0231296FD6C00799BF4 /* EDFDate.h */; };
		7D48FDBA1297017C00799BF4 /* EDFFile.h in Headers */ = {isa = PBXBuildFile; fileRef = 7D48F0251296FD6C00799BF4 /* EDFFile.h */; };
		7D48FDBB1297017C00799BF4 /* EDFHeader.h in Headers */ = {isa = PBXBuildFile; fileRef = 7D48F0261296FD6C00799BF4 /* EDFHeader.h */; };
		7D48FDBD1297017C00799BF4 /* EDFPatient.h in Headers */ = {isa = PBXBuildFile; fileRef = 7D48F0281296FD6C00799BF4 /* EDFPatient.h */; };
		7D48FDBE1297017C00799BF4 /* EDFTime.h in Headers */ = {isa = PBXBuildFile; fileRef = 7D48F0291296FD6C00799BF4 /* EDFTime.h */; };
		7D48FDBF1297017C00799BF4 /* EDFUtil.h in Headers */ = {isa = PBXBuildFile; fileRef = 7D48F02A1296FD6C00799BF4 /* EDFUtil.h */; };
		7D48FDC01297018500799BF4 /* EDFAnnotation.cpp in Sources */ = {isa = PBXBuildFile; fileRef = 7D48F02B1296FD8400799BF4 /* EDFAnnotation.cpp */; };
		7D48FDC11297018500799BF4 /* EDFDate.cpp in Sources */ = {isa = PBXBuildFile; fileRef = 7D48F02C1296FD8400799BF4 /* EDFDate.cpp */; };
		7D48FDC21297018500799BF4 /* EDFFile.cpp in Sources */ = {isa = PBXBuildFile; fileRef = 7D48F02D1296FD8400799BF4 /* EDFFile.cpp */; };
		7D48FDC31297018500799BF4 /* EDFHeader.cpp in Sources */ = {isa = PBXBuildFile; fileRef = 7D48F02E1296FD8400799BF4 /* EDFHeader.cpp */; };
		7D48FDC51297018500799BF4 /* EDFPatient.cpp in Sources */ = {isa = PBXBuildFile; fileRef = 7D48F0301296FD8400799BF4 /* EDFPatient.cpp */; };
		7D48FDC61297018500799BF4 /* EDFTime.cpp in Sources */ = {isa = PBXBuildFile; fileRef = 7D48F0311296FD8400799BF4 /* EDFTime.cpp */; };
		7D48FDC71297018500799BF4 /* EDFUtil.cpp in Sources */ = {isa = PBXBuildFile; fileRef = 7D48F0321296FD8400799BF4 /* EDFUtil.cpp */; };
		7D48FDD31297023300799BF4 /* edflib.a in Frameworks */ = {isa = PBXBuildFile; fileRef = 7D48FDB01296FF0D00799BF4 /* edflib.a */; };
		7D48FDEF129702CF00799BF4 /* test.cpp in Sources */ = {isa = PBXBuildFile; fileRef = 7D48FDAA1296FEDF00799BF4 /* test.cpp */; };
		7D565D931A96509900A5F816 /* main.cpp in Sources */ = {isa = PBXBuildFile; fileRef = 7D565D921A96509900A5F816 /* main.cpp */; };
		7D8B926312B3F88100648A37 /* EDFSignalData.h in Headers */ = {isa = PBXBuildFile; fileRef = 7DBBC05D129CF24700C7428C /* EDFSignalData.h */; };
		7DB8E76B1A9BC68F00F30ACD /* EDFUtil.cpp in Sources */ = {isa = PBXBuildFile; fileRef = 7D48F0321296FD8400799BF4 /* EDFUtil.cpp */; };
		7DB8E7711A9C259300F30ACD /* EDFTime.cpp in Sources */ = {isa = PBXBuildFile; fileRef = 7D48F0311296FD8400799BF4 /* EDFTime.cpp */; };
		7DB8E7751A9E32B000F30ACD /* EDFPatient.cpp in Sources */ = {isa = PBXBuildFile; fileRef = 7D48F0301296FD8400799BF4 /* EDFPatient.cpp */; };
		7DBBC060129CF24700C7428C /* EDFSignalData.cpp in Sources */ = {isa = PBXBuildFile; fileRef = 7DBBC05E129CF24700C7428C /* EDFSignalData.cpp */; };
		7DBE021B1AA79F5F00A80E09 /* EDFDate.cpp in Sources */ = {isa = PBXBuildFile; fileRef = 7D48F02C1296FD8400799BF4 /* EDFDate.cpp */; };
		7DBE021E1AB2380000A80E09 /* EDFHeader.cpp in Sources */ = {isa = PBXBuildFile; fileRef = 7D48F02E1296FD8400799BF4 /* EDFHeader.cpp */; };
		7DBE021F1AB249C100A80E09 /* EDFSignalData.cpp in Sources */ = {isa = PBXBuildFile; fileRef = 7DBBC05E129CF24700C7428C /* EDFSignalData.cpp */; };
		7DBE02201AB249C100A80E09 /* EDFAnnotation.cpp in Sources */ = {isa = PBXBuildFile; fileRef = 7D48F02B1296FD8400799BF4 /* EDFAnnotation.cpp */; };
		7DBE02211AB249C100A80E09 /* EDFFile.cpp in Sources */ = {isa = PBXBuildFile; fileRef = 7D48F02D1296FD8400799BF4 /* EDFFile.cpp */; };
		7DBE02241AB7984700A80E09 /* EDFLib.h in Headers */ = {isa = PBXBuildFile; fileRef = 7DBE02231AB797FE00A80E09 /* EDFLib.h */; };
/* End PBXBuildFile section */

/* Begin PBXCopyFilesBuildPhase section */
		7D565D8E1A96509900A5F816 /* CopyFiles */ = {
			isa = PBXCopyFilesBuildPhase;
			buildActionMask = 2147483647;
			dstPath = /usr/share/man/man1/;
			dstSubfolderSpec = 0;
			files = (
			);
			runOnlyForDeploymentPostprocessing = 1;
		};
/* End PBXCopyFilesBuildPhase section */

/* Begin PBXFileReference section */
		7D48F0221296FD6C00799BF4 /* EDFAnnotation.h */ = {isa = PBXFileReference; explicitFileType = sourcecode.cpp.h; fileEncoding = 4; path = EDFAnnotation.h; sourceTree = "<group>"; };
		7D48F0231296FD6C00799BF4 /* EDFDate.h */ = {isa = PBXFileReference; explicitFileType = sourcecode.cpp.h; fileEncoding = 4; path = EDFDate.h; sourceTree = "<group>"; };
		7D48F0251296FD6C00799BF4 /* EDFFile.h */ = {isa = PBXFileReference; explicitFileType = sourcecode.cpp.h; fileEncoding = 4; path = EDFFile.h; sourceTree = "<group>"; };
		7D48F0261296FD6C00799BF4 /* EDFHeader.h */ = {isa = PBXFileReference; explicitFileType = sourcecode.cpp.h; fileEncoding = 4; path = EDFHeader.h; sourceTree = "<group>"; };
		7D48F0281296FD6C00799BF4 /* EDFPatient.h */ = {isa = PBXFileReference; explicitFileType = sourcecode.cpp.h; fileEncoding = 4; path = EDFPatient.h; sourceTree = "<group>"; };
		7D48F0291296FD6C00799BF4 /* EDFTime.h */ = {isa = PBXFileReference; explicitFileType = sourcecode.cpp.h; fileEncoding = 4; path = EDFTime.h; sourceTree = "<group>"; };
		7D48F02A1296FD6C00799BF4 /* EDFUtil.h */ = {isa = PBXFileReference; explicitFileType = sourcecode.cpp.h; fileEncoding = 4; path = EDFUtil.h; sourceTree = "<group>"; };
		7D48F02B1296FD8400799BF4 /* EDFAnnotation.cpp */ = {isa = PBXFileReference; fileEncoding = 4; lastKnownFileType = sourcecode.cpp.cpp; path = EDFAnnotation.cpp; sourceTree = "<group>"; };
		7D48F02C1296FD8400799BF4 /* EDFDate.cpp */ = {isa = PBXFileReference; fileEncoding = 4; lastKnownFileType = sourcecode.cpp.cpp; path = EDFDate.cpp; sourceTree = "<group>"; };
		7D48F02D1296FD8400799BF4 /* EDFFile.cpp */ = {isa = PBXFileReference; fileEncoding = 4; lastKnownFileType = sourcecode.cpp.cpp; path = EDFFile.cpp; sourceTree = "<group>"; };
		7D48F02E1296FD8400799BF4 /* EDFHeader.cpp */ = {isa = PBXFileReference; fileEncoding = 4; lastKnownFileType = sourcecode.cpp.cpp; path = EDFHeader.cpp; sourceTree = "<group>"; };
		7D48F0301296FD8400799BF4 /* EDFPatient.cpp */ = {isa = PBXFileReference; fileEncoding = 4; lastKnownFileType = sourcecode.cpp.cpp; path = EDFPatient.cpp; sourceTree = "<group>"; };
		7D48F0311296FD8400799BF4 /* EDFTime.cpp */ = {isa = PBXFileReference; fileEncoding = 4; lastKnownFileType = sourcecode.cpp.cpp; path = EDFTime.cpp; sourceTree = "<group>"; };
		7D48F0321296FD8400799BF4 /* EDFUtil.cpp */ = {isa = PBXFileReference; fileEncoding = 4; lastKnownFileType = sourcecode.cpp.cpp; path = EDFUtil.cpp; sourceTree = "<group>"; };
		7D48FDAA1296FEDF00799BF4 /* test.cpp */ = {isa = PBXFileReference; fileEncoding = 4; lastKnownFileType = sourcecode.cpp.cpp; path = test.cpp; sourceTree = "<group>"; };
		7D48FDB01296FF0D00799BF4 /* edflib.a */ = {isa = PBXFileReference; explicitFileType = archive.ar; includeInIndex = 0; path = edflib.a; sourceTree = BUILT_PRODUCTS_DIR; };
		7D48FDCF1297020300799BF4 /* test */ = {isa = PBXFileReference; explicitFileType = "compiled.mach-o.executable"; includeInIndex = 0; path = test; sourceTree = BUILT_PRODUCTS_DIR; wrapsLines = 0; };
		7D565D8B1A955BF600A5F816 /* sample.edf */ = {isa = PBXFileReference; fileEncoding = 4; lastKnownFileType = text; path = sample.edf; sourceTree = "<group>"; };
		7D565D901A96509900A5F816 /* Unit Tests */ = {isa = PBXFileReference; explicitFileType = "compiled.mach-o.executable"; includeInIndex = 0; path = "Unit Tests"; sourceTree = BUILT_PRODUCTS_DIR; };
		7D565D921A96509900A5F816 /* main.cpp */ = {isa = PBXFileReference; lastKnownFileType = sourcecode.cpp.cpp; path = main.cpp; sourceTree = "<group>"; };
		7DBBC05D129CF24700C7428C /* EDFSignalData.h */ = {isa = PBXFileReference; explicitFileType = sourcecode.cpp.h; fileEncoding = 4; path = EDFSignalData.h; sourceTree = "<group>"; };
		7DBBC05E129CF24700C7428C /* EDFSignalData.cpp */ = {isa = PBXFileReference; fileEncoding = 4; lastKnownFileType = sourcecode.cpp.cpp; path = EDFSignalData.cpp; sourceTree = "<group>"; };
		7DBE02231AB797FE00A80E09 /* EDFLib.h */ = {isa = PBXFileReference; lastKnownFileType = sourcecode.c.h; path = EDFLib.h; sourceTree = "<group>"; };
/* End PBXFileReference section */

/* Begin PBXFrameworksBuildPhase section */
		7D48FDAE1296FF0D00799BF4 /* Frameworks */ = {
			isa = PBXFrameworksBuildPhase;
			buildActionMask = 2147483647;
			files = (
			);
			runOnlyForDeploymentPostprocessing = 0;
		};
		7D48FDCD1297020300799BF4 /* Frameworks */ = {
			isa = PBXFrameworksBuildPhase;
			buildActionMask = 2147483647;
			files = (
				7D48FDD31297023300799BF4 /* edflib.a in Frameworks */,
			);
			runOnlyForDeploymentPostprocessing = 0;
		};
		7D565D8D1A96509900A5F816 /* Frameworks */ = {
			isa = PBXFrameworksBuildPhase;
			buildActionMask = 2147483647;
			files = (
			);
			runOnlyForDeploymentPostprocessing = 0;
		};
/* End PBXFrameworksBuildPhase section */

/* Begin PBXGroup section */
		7D48F0151296FD3700799BF4 = {
			isa = PBXGroup;
			children = (
				7D48F0211296FD5100799BF4 /* Misc */,
				7D48F0201296FD4B00799BF4 /* Headers */,
				7D48F01F1296FD4400799BF4 /* Source */,
				7D565D911A96509900A5F816 /* Unit Tests */,
				7D565D8A1A955BDB00A5F816 /* Sample Files */,
				7D48FDB11296FF0D00799BF4 /* Products */,
			);
			sourceTree = "<group>";
		};
		7D48F01F1296FD4400799BF4 /* Source */ = {
			isa = PBXGroup;
			children = (
				7DBBC05E129CF24700C7428C /* EDFSignalData.cpp */,
				7D48F02B1296FD8400799BF4 /* EDFAnnotation.cpp */,
				7D48F02C1296FD8400799BF4 /* EDFDate.cpp */,
				7D48F02D1296FD8400799BF4 /* EDFFile.cpp */,
				7D48F02E1296FD8400799BF4 /* EDFHeader.cpp */,
				7D48F0301296FD8400799BF4 /* EDFPatient.cpp */,
				7D48F0311296FD8400799BF4 /* EDFTime.cpp */,
				7D48F0321296FD8400799BF4 /* EDFUtil.cpp */,
			);
			name = Source;
			sourceTree = "<group>";
		};
		7D48F0201296FD4B00799BF4 /* Headers */ = {
			isa = PBXGroup;
			children = (
				7DBBC05D129CF24700C7428C /* EDFSignalData.h */,
				7D48F0221296FD6C00799BF4 /* EDFAnnotation.h */,
				7D48F0231296FD6C00799BF4 /* EDFDate.h */,
				7D48F0251296FD6C00799BF4 /* EDFFile.h */,
				7D48F0261296FD6C00799BF4 /* EDFHeader.h */,
				7D48F0281296FD6C00799BF4 /* EDFPatient.h */,
				7D48F0291296FD6C00799BF4 /* EDFTime.h */,
				7D48F02A1296FD6C00799BF4 /* EDFUtil.h */,
				7DBE02231AB797FE00A80E09 /* EDFLib.h */,
			);
			name = Headers;
			sourceTree = "<group>";
		};
		7D48F0211296FD5100799BF4 /* Misc */ = {
			isa = PBXGroup;
			children = (
				7D48FDAA1296FEDF00799BF4 /* test.cpp */,
			);
			name = Misc;
			sourceTree = "<group>";
		};
		7D48FDB11296FF0D00799BF4 /* Products */ = {
			isa = PBXGroup;
			children = (
				7D48FDB01296FF0D00799BF4 /* edflib.a */,
				7D48FDCF1297020300799BF4 /* test */,
				7D565D901A96509900A5F816 /* Unit Tests */,
			);
			name = Products;
			sourceTree = "<group>";
		};
		7D565D8A1A955BDB00A5F816 /* Sample Files */ = {
			isa = PBXGroup;
			children = (
				7D565D8B1A955BF600A5F816 /* sample.edf */,
			);
			name = "Sample Files";
			sourceTree = "<group>";
		};
		7D565D911A96509900A5F816 /* Unit Tests */ = {
			isa = PBXGroup;
			children = (
				7D565D921A96509900A5F816 /* main.cpp */,
			);
			path = "Unit Tests";
			sourceTree = "<group>";
		};
/* End PBXGroup section */

/* Begin PBXHeadersBuildPhase section */
		7D48FDAC1296FF0D00799BF4 /* Headers */ = {
			isa = PBXHeadersBuildPhase;
			buildActionMask = 2147483647;
			files = (
				7DBE02241AB7984700A80E09 /* EDFLib.h in Headers */,
				7D48FDB71297017C00799BF4 /* EDFAnnotation.h in Headers */,
				7D48FDB81297017C00799BF4 /* EDFDate.h in Headers */,
				7D48FDBA1297017C00799BF4 /* EDFFile.h in Headers */,
				7D48FDBB1297017C00799BF4 /* EDFHeader.h in Headers */,
				7D48FDBD1297017C00799BF4 /* EDFPatient.h in Headers */,
				7D48FDBE1297017C00799BF4 /* EDFTime.h in Headers */,
				7D48FDBF1297017C00799BF4 /* EDFUtil.h in Headers */,
				7D8B926312B3F88100648A37 /* EDFSignalData.h in Headers */,
			);
			runOnlyForDeploymentPostprocessing = 0;
		};
/* End PBXHeadersBuildPhase section */

/* Begin PBXNativeTarget section */
		7D48FDAF1296FF0D00799BF4 /* edflib */ = {
			isa = PBXNativeTarget;
			buildConfigurationList = 7D48FDB41296FF0E00799BF4 /* Build configuration list for PBXNativeTarget "edflib" */;
			buildPhases = (
				7D48FDAC1296FF0D00799BF4 /* Headers */,
				7D48FDAD1296FF0D00799BF4 /* Sources */,
				7D48FDAE1296FF0D00799BF4 /* Frameworks */,
			);
			buildRules = (
			);
			dependencies = (
			);
			name = edflib;
			productName = edflib;
			productReference = 7D48FDB01296FF0D00799BF4 /* edflib.a */;
			productType = "com.apple.product-type.library.static";
		};
		7D48FDCE1297020300799BF4 /* test */ = {
			isa = PBXNativeTarget;
			buildConfigurationList = 7D48FDE21297025200799BF4 /* Build configuration list for PBXNativeTarget "test" */;
			buildPhases = (
				7D48FDCC1297020300799BF4 /* Sources */,
				7D48FDCD1297020300799BF4 /* Frameworks */,
				7D48FE2E12971FE900799BF4 /* ShellScript */,
			);
			buildRules = (
			);
			dependencies = (
			);
			name = test;
			productName = test;
			productReference = 7D48FDCF1297020300799BF4 /* test */;
			productType = "com.apple.product-type.tool";
		};
		7D565D8F1A96509900A5F816 /* Unit Tests */ = {
			isa = PBXNativeTarget;
			buildConfigurationList = 7D565D941A96509900A5F816 /* Build configuration list for PBXNativeTarget "Unit Tests" */;
			buildPhases = (
				7D565D8C1A96509900A5F816 /* Sources */,
				7D565D8D1A96509900A5F816 /* Frameworks */,
				7D565D8E1A96509900A5F816 /* CopyFiles */,
			);
			buildRules = (
			);
			dependencies = (
			);
			name = "Unit Tests";
			productName = "Unit Tests";
			productReference = 7D565D901A96509900A5F816 /* Unit Tests */;
			productType = "com.apple.product-type.tool";
		};
/* End PBXNativeTarget section */

/* Begin PBXProject section */
		7D48F0171296FD3700799BF4 /* Project object */ = {
			isa = PBXProject;
			attributes = {
				LastUpgradeCheck = 0610;
				TargetAttributes = {
					7D565D8F1A96509900A5F816 = {
						CreatedOnToolsVersion = 6.1.1;
					};
				};
			};
			buildConfigurationList = 7D48F01A1296FD3700799BF4 /* Build configuration list for PBXProject "EDFLIB" */;
			compatibilityVersion = "Xcode 3.2";
			developmentRegion = English;
			hasScannedForEncodings = 0;
			knownRegions = (
				English,
				Japanese,
				French,
				German,
			);
			mainGroup = 7D48F0151296FD3700799BF4;
			productRefGroup = 7D48FDB11296FF0D00799BF4 /* Products */;
			projectDirPath = "";
			projectRoot = "";
			targets = (
				7D48FDAF1296FF0D00799BF4 /* edflib */,
				7D48FDCE1297020300799BF4 /* test */,
				7D565D8F1A96509900A5F816 /* Unit Tests */,
			);
		};
/* End PBXProject section */

/* Begin PBXShellScriptBuildPhase section */
		7D48FE2E12971FE900799BF4 /* ShellScript */ = {
			isa = PBXShellScriptBuildPhase;
			buildActionMask = 2147483647;
			files = (
			);
			inputPaths = (
			);
			outputPaths = (
			);
			runOnlyForDeploymentPostprocessing = 0;
			shellPath = /bin/sh;
			shellScript = "";
		};
/* End PBXShellScriptBuildPhase section */

/* Begin PBXSourcesBuildPhase section */
		7D48FDAD1296FF0D00799BF4 /* Sources */ = {
			isa = PBXSourcesBuildPhase;
			buildActionMask = 2147483647;
			files = (
				7D48FDC01297018500799BF4 /* EDFAnnotation.cpp in Sources */,
				7D48FDC11297018500799BF4 /* EDFDate.cpp in Sources */,
				7D48FDC21297018500799BF4 /* EDFFile.cpp in Sources */,
				7D48FDC31297018500799BF4 /* EDFHeader.cpp in Sources */,
				7D48FDC51297018500799BF4 /* EDFPatient.cpp in Sources */,
				7D48FDC61297018500799BF4 /* EDFTime.cpp in Sources */,
				7D48FDC71297018500799BF4 /* EDFUtil.cpp in Sources */,
				7DBBC060129CF24700C7428C /* EDFSignalData.cpp in Sources */,
			);
			runOnlyForDeploymentPostprocessing = 0;
		};
		7D48FDCC1297020300799BF4 /* Sources */ = {
			isa = PBXSourcesBuildPhase;
			buildActionMask = 2147483647;
			files = (
				7D48FDEF129702CF00799BF4 /* test.cpp in Sources */,
			);
			runOnlyForDeploymentPostprocessing = 0;
		};
		7D565D8C1A96509900A5F816 /* Sources */ = {
			isa = PBXSourcesBuildPhase;
			buildActionMask = 2147483647;
			files = (
				7DBE021F1AB249C100A80E09 /* EDFSignalData.cpp in Sources */,
				7DBE02201AB249C100A80E09 /* EDFAnnotation.cpp in Sources */,
				7DBE02211AB249C100A80E09 /* EDFFile.cpp in Sources */,
				7DBE021E1AB2380000A80E09 /* EDFHeader.cpp in Sources */,
				7DBE021B1AA79F5F00A80E09 /* EDFDate.cpp in Sources */,
				7DB8E76B1A9BC68F00F30ACD /* EDFUtil.cpp in Sources */,
				7DB8E7711A9C259300F30ACD /* EDFTime.cpp in Sources */,
				7DB8E7751A9E32B000F30ACD /* EDFPatient.cpp in Sources */,
				7D565D931A96509900A5F816 /* main.cpp in Sources */,
			);
			runOnlyForDeploymentPostprocessing = 0;
		};
/* End PBXSourcesBuildPhase section */

/* Begin XCBuildConfiguration section */
		7D48F0181296FD3700799BF4 /* Debug */ = {
			isa = XCBuildConfiguration;
			buildSettings = {
				COPY_PHASE_STRIP = NO;
				ONLY_ACTIVE_ARCH = YES;
			};
			name = Debug;
		};
		7D48F0191296FD3700799BF4 /* Release */ = {
			isa = XCBuildConfiguration;
			buildSettings = {
				COPY_PHASE_STRIP = YES;
			};
			name = Release;
		};
		7D48FDB21296FF0D00799BF4 /* Debug */ = {
			isa = XCBuildConfiguration;
			buildSettings = {
				ALWAYS_SEARCH_USER_PATHS = NO;
				CLANG_CXX_LANGUAGE_STANDARD = "gnu++0x";
				CLANG_CXX_LIBRARY = "libc++";
				COMBINE_HIDPI_IMAGES = YES;
				COPY_PHASE_STRIP = NO;
				EXECUTABLE_PREFIX = "";
				GCC_DYNAMIC_NO_PIC = NO;
				GCC_MODEL_TUNING = "";
				GCC_OPTIMIZATION_LEVEL = 0;
				PREBINDING = NO;
				PRODUCT_NAME = edflib;
				STANDARD_C_PLUS_PLUS_LIBRARY_TYPE = dynamic;
				VALID_ARCHS = "i386 x86_64";
			};
			name = Debug;
		};
		7D48FDB31296FF0D00799BF4 /* Release */ = {
			isa = XCBuildConfiguration;
			buildSettings = {
				ALWAYS_SEARCH_USER_PATHS = NO;
				CLANG_CXX_LANGUAGE_STANDARD = "gnu++0x";
				CLANG_CXX_LIBRARY = "libc++";
				COMBINE_HIDPI_IMAGES = YES;
				COPY_PHASE_STRIP = YES;
				DEBUG_INFORMATION_FORMAT = "dwarf-with-dsym";
				EXECUTABLE_PREFIX = "";
				GCC_ENABLE_FIX_AND_CONTINUE = NO;
				GCC_MODEL_TUNING = "";
				GCC_OPTIMIZATION_LEVEL = 0;
				PREBINDING = NO;
				PRODUCT_NAME = edflib;
				STANDARD_C_PLUS_PLUS_LIBRARY_TYPE = dynamic;
				VALID_ARCHS = "i386 x86_64";
				ZERO_LINK = NO;
			};
			name = Release;
		};
		7D48FDD11297020300799BF4 /* Debug */ = {
			isa = XCBuildConfiguration;
			buildSettings = {
				ALWAYS_SEARCH_USER_PATHS = NO;
				CLANG_CXX_LANGUAGE_STANDARD = "c++0x";
				CLANG_CXX_LIBRARY = "libc++";
				COPY_PHASE_STRIP = NO;
				GCC_DYNAMIC_NO_PIC = NO;
				GCC_ENABLE_FIX_AND_CONTINUE = YES;
				GCC_MODEL_TUNING = "";
				GCC_OPTIMIZATION_LEVEL = 0;
				GCC_PREPROCESSOR_DEFINITIONS = "DEBUG=1";
				INSTALL_PATH = /usr/local/bin;
				PREBINDING = NO;
				PRODUCT_NAME = test;
				SDKROOT = macosx;
				VALID_ARCHS = "i386 x86_64";
			};
			name = Debug;
		};
		7D48FDD21297020300799BF4 /* Release */ = {
			isa = XCBuildConfiguration;
			buildSettings = {
				ALWAYS_SEARCH_USER_PATHS = NO;
				CLANG_CXX_LANGUAGE_STANDARD = "c++0x";
				CLANG_CXX_LIBRARY = "libc++";
				COPY_PHASE_STRIP = YES;
				DEBUG_INFORMATION_FORMAT = "dwarf-with-dsym";
				GCC_ENABLE_FIX_AND_CONTINUE = NO;
				GCC_MODEL_TUNING = "";
				INSTALL_PATH = /usr/local/bin;
				PREBINDING = NO;
				PRODUCT_NAME = test;
				SDKROOT = macosx;
				VALID_ARCHS = "i386 x86_64";
				ZERO_LINK = NO;
			};
			name = Release;
		};
		7D565D951A96509900A5F816 /* Debug */ = {
			isa = XCBuildConfiguration;
			buildSettings = {
				ALWAYS_SEARCH_USER_PATHS = NO;
				CLANG_CXX_LANGUAGE_STANDARD = "gnu++0x";
				CLANG_CXX_LIBRARY = "libc++";
				CLANG_ENABLE_MODULES = NO;
				CLANG_ENABLE_OBJC_ARC = NO;
				CLANG_WARN_BOOL_CONVERSION = YES;
				CLANG_WARN_CONSTANT_CONVERSION = YES;
				CLANG_WARN_DIRECT_OBJC_ISA_USAGE = YES_ERROR;
				CLANG_WARN_EMPTY_BODY = YES;
				CLANG_WARN_ENUM_CONVERSION = YES;
				CLANG_WARN_INT_CONVERSION = YES;
				CLANG_WARN_OBJC_ROOT_CLASS = YES_ERROR;
				CLANG_WARN_UNREACHABLE_CODE = YES;
				CLANG_WARN__DUPLICATE_METHOD_MATCH = YES;
				ENABLE_NS_ASSERTIONS = YES;
				ENABLE_STRICT_OBJC_MSGSEND = NO;
				GCC_C_LANGUAGE_STANDARD = "compiler-default";
				GCC_DYNAMIC_NO_PIC = NO;
				GCC_OPTIMIZATION_LEVEL = 0;
				GCC_PREPROCESSOR_DEFINITIONS = (
					"DEBUG=1",
					"$(inherited)",
				);
				GCC_SYMBOLS_PRIVATE_EXTERN = NO;
				GCC_WARN_64_TO_32_BIT_CONVERSION = YES;
				GCC_WARN_ABOUT_RETURN_TYPE = YES_ERROR;
				GCC_WARN_UNDECLARED_SELECTOR = YES;
				GCC_WARN_UNINITIALIZED_AUTOS = YES_AGGRESSIVE;
				GCC_WARN_UNUSED_FUNCTION = YES;
				GCC_WARN_UNUSED_VARIABLE = YES;
				MACOSX_DEPLOYMENT_TARGET = 10.10;
				MTL_ENABLE_DEBUG_INFO = YES;
				PRODUCT_NAME = "$(TARGET_NAME)";
				SDKROOT = macosx;
				USER_HEADER_SEARCH_PATHS = "$(SRCROOT)/Catch/include";
			};
			name = Debug;
		};
		7D565D961A96509900A5F816 /* Release */ = {
			isa = XCBuildConfiguration;
			buildSettings = {
				ALWAYS_SEARCH_USER_PATHS = NO;
				CLANG_CXX_LANGUAGE_STANDARD = "gnu++0x";
				CLANG_CXX_LIBRARY = "libc++";
				CLANG_ENABLE_MODULES = NO;
				CLANG_ENABLE_OBJC_ARC = NO;
				CLANG_WARN_BOOL_CONVERSION = YES;
				CLANG_WARN_CONSTANT_CONVERSION = YES;
				CLANG_WARN_DIRECT_OBJC_ISA_USAGE = YES_ERROR;
				CLANG_WARN_EMPTY_BODY = YES;
				CLANG_WARN_ENUM_CONVERSION = YES;
				CLANG_WARN_INT_CONVERSION = YES;
				CLANG_WARN_OBJC_ROOT_CLASS = YES_ERROR;
				CLANG_WARN_UNREACHABLE_CODE = YES;
				CLANG_WARN__DUPLICATE_METHOD_MATCH = YES;
				DEBUG_INFORMATION_FORMAT = "dwarf-with-dsym";
				ENABLE_NS_ASSERTIONS = YES;
				ENABLE_STRICT_OBJC_MSGSEND = NO;
				GCC_C_LANGUAGE_STANDARD = "compiler-default";
				GCC_WARN_64_TO_32_BIT_CONVERSION = YES;
				GCC_WARN_ABOUT_RETURN_TYPE = YES_ERROR;
				GCC_WARN_UNDECLARED_SELECTOR = YES;
				GCC_WARN_UNINITIALIZED_AUTOS = YES_AGGRESSIVE;
				GCC_WARN_UNUSED_FUNCTION = YES;
				GCC_WARN_UNUSED_VARIABLE = YES;
				MACOSX_DEPLOYMENT_TARGET = 10.10;
				MTL_ENABLE_DEBUG_INFO = NO;
				PRODUCT_NAME = "$(TARGET_NAME)";
				SDKROOT = macosx;
				USER_HEADER_SEARCH_PATHS = "$(SRCROOT)/Catch/include";
			};
			name = Release;
		};
/* End XCBuildConfiguration section */

/* Begin XCConfigurationList section */
		7D48F01A1296FD3700799BF4 /* Build configuration list for PBXProject "EDFLIB" */ = {
			isa = XCConfigurationList;
			buildConfigurations = (
				7D48F0181296FD3700799BF4 /* Debug */,
				7D48F0191296FD3700799BF4 /* Release */,
			);
			defaultConfigurationIsVisible = 0;
			defaultConfigurationName = Release;
		};
		7D48FDB41296FF0E00799BF4 /* Build configuration list for PBXNativeTarget "edflib" */ = {
			isa = XCConfigurationList;
			buildConfigurations = (
				7D48FDB21296FF0D00799BF4 /* Debug */,
				7D48FDB31296FF0D00799BF4 /* Release */,
			);
			defaultConfigurationIsVisible = 0;
			defaultConfigurationName = Release;
		};
		7D48FDE21297025200799BF4 /* Build configuration list for PBXNativeTarget "test" */ = {
			isa = XCConfigurationList;
			buildConfigurations = (
				7D48FDD11297020300799BF4 /* Debug */,
				7D48FDD21297020300799BF4 /* Release */,
			);
			defaultConfigurationIsVisible = 0;
			defaultConfigurationName = Release;
		};
		7D565D941A96509900A5F816 /* Build configuration list for PBXNativeTarget "Unit Tests" */ = {
			isa = XCConfigurationList;
			buildConfigurations = (
				7D565D951A96509900A5F816 /* Debug */,
				7D565D961A96509900A5F816 /* Release */,
			);
			defaultConfigurationIsVisible = 0;
			defaultConfigurationName = Release;
		};
/* End XCConfigurationList section */
	};
	rootObject = 7D48F0171296FD3700799BF4 /* Project object */;
}
